PODS:
  - AVOSCloud (3.4.0)
  - SDWebImage (3.8.2):
    - SDWebImage/Core (= 3.8.2)
  - SDWebImage/Core (3.8.2)
  - SnapKit (3.0.0)

DEPENDENCIES:
  - AVOSCloud
  - SDWebImage
  - SnapKit

SPEC CHECKSUMS:
  AVOSCloud: 771c8d77bc9b9f2cc8ac2eb4b58eaf368337ac95
  SDWebImage: 098e97e6176540799c27e804c96653ee0833d13c
  SnapKit: 98af0a4e9369d3c58f758967518081dbdc7eb1d9

PODFILE CHECKSUM: 762746ce44453d513296d7c49d4ce4a5d3deff97

COCOAPODS: 1.1.0.beta.2
