// !$*UTF8*$!
{
	archiveVersion = 1;
	classes = {
	};
	objectVersion = 46;
	objects = {

/* Begin PBXBuildFile section */
		3250913C82FFF635417020BD /* Pods_Foosball.framework in Frameworks */ = {isa = PBXBuildFile; fileRef = D81C567789B96B0906D4D436 /* Pods_Foosball.framework */; };
		650151A51DB4D6F9009D8ABC /* InputView.swift in Sources */ = {isa = PBXBuildFile; fileRef = 650151A41DB4D6F9009D8ABC /* InputView.swift */; };
		6507AC0A1D55B7C900791FB1 /* ChallengeCell.swift in Sources */ = {isa = PBXBuildFile; fileRef = 6507AC091D55B7C900791FB1 /* ChallengeCell.swift */; };
		6508C24C1DD9C95100E3D7C2 /* CreateController.swift in Sources */ = {isa = PBXBuildFile; fileRef = 6508C24B1DD9C95100E3D7C2 /* CreateController.swift */; };
		6508C28D1DDD98F300E3D7C2 /* CreateStep1Ctrlr.swift in Sources */ = {isa = PBXBuildFile; fileRef = 6508C28C1DDD98F300E3D7C2 /* CreateStep1Ctrlr.swift */; };
		6508C2901DDD992B00E3D7C2 /* CreateStep2Ctrlr.swift in Sources */ = {isa = PBXBuildFile; fileRef = 6508C28F1DDD992B00E3D7C2 /* CreateStep2Ctrlr.swift */; };
		6508C2931DDD994500E3D7C2 /* CreateStep3Ctrlr.swift in Sources */ = {isa = PBXBuildFile; fileRef = 6508C2921DDD994500E3D7C2 /* CreateStep3Ctrlr.swift */; };
		6508C2951DDD99FB00E3D7C2 /* CreatePageBaseCtrlr.swift in Sources */ = {isa = PBXBuildFile; fileRef = 6508C2941DDD99FB00E3D7C2 /* CreatePageBaseCtrlr.swift */; };
		6508C2971DDEB0A400E3D7C2 /* Transitioning.swift in Sources */ = {isa = PBXBuildFile; fileRef = 6508C2961DDEB0A400E3D7C2 /* Transitioning.swift */; };
		6526CBA11DF56FE700DB9015 /* CreateStep4Ctrlr.swift in Sources */ = {isa = PBXBuildFile; fileRef = 6526CBA01DF56FE700DB9015 /* CreateStep4Ctrlr.swift */; };
		654EE8C01DAC8B6C00F99F21 /* Avatar.swift in Sources */ = {isa = PBXBuildFile; fileRef = 654EE8BF1DAC8B6C00F99F21 /* Avatar.swift */; };
		6554A3C31D6FE956001AB4D6 /* ScanViewController.swift in Sources */ = {isa = PBXBuildFile; fileRef = 6554A3C21D6FE956001AB4D6 /* ScanViewController.swift */; };
		6554A3C51D6FE97B001AB4D6 /* QRCodeTools.swift in Sources */ = {isa = PBXBuildFile; fileRef = 6554A3C41D6FE97B001AB4D6 /* QRCodeTools.swift */; };
		657219211D5EFA2A007DCE6A /* DetailViewController.swift in Sources */ = {isa = PBXBuildFile; fileRef = 657219201D5EFA2A007DCE6A /* DetailViewController.swift */; };
		658CC7671DD0C8940085DCFD /* DataMgr.swift in Sources */ = {isa = PBXBuildFile; fileRef = 658CC7661DD0C8940085DCFD /* DataMgr.swift */; };
		658E06741D56C7C8008D94FC /* Event.swift in Sources */ = {isa = PBXBuildFile; fileRef = 658E06731D56C7C8008D94FC /* Event.swift */; };
		6593C0BD1DCDD65D00589943 /* UserMgr.swift in Sources */ = {isa = PBXBuildFile; fileRef = 6593C0BC1DCDD65D00589943 /* UserMgr.swift */; };
		65A5DBFA1DBC6ACD001F5A05 /* DetailToolbar.swift in Sources */ = {isa = PBXBuildFile; fileRef = 65A5DBF91DBC6ACD001F5A05 /* DetailToolbar.swift */; };
		65AA3A6D1DFD714D0021406E /* CreateStep3Cell.swift in Sources */ = {isa = PBXBuildFile; fileRef = 65AA3A6C1DFD714D0021406E /* CreateStep3Cell.swift */; };
		65AB52451D3291E6005E7D4C /* AppDelegate.swift in Sources */ = {isa = PBXBuildFile; fileRef = 65AB52371D3291E6005E7D4C /* AppDelegate.swift */; };
		65AB52461D3291E6005E7D4C /* AppManager.swift in Sources */ = {isa = PBXBuildFile; fileRef = 65AB52391D3291E6005E7D4C /* AppManager.swift */; };
		65AB52471D3291E6005E7D4C /* BaseTabController.swift in Sources */ = {isa = PBXBuildFile; fileRef = 65AB523C1D3291E6005E7D4C /* BaseTabController.swift */; };
		65AB524A1D3291E6005E7D4C /* ChallengeController.swift in Sources */ = {isa = PBXBuildFile; fileRef = 65AB52401D3291E6005E7D4C /* ChallengeController.swift */; };
		65AB524B1D3291E6005E7D4C /* OwnCells.swift in Sources */ = {isa = PBXBuildFile; fileRef = 65AB52421D3291E6005E7D4C /* OwnCells.swift */; };
		65AB524C1D3291E6005E7D4C /* OwnController.swift in Sources */ = {isa = PBXBuildFile; fileRef = 65AB52431D3291E6005E7D4C /* OwnController.swift */; };
		65AB524D1D3291E6005E7D4C /* RootViewController.swift in Sources */ = {isa = PBXBuildFile; fileRef = 65AB52441D3291E6005E7D4C /* RootViewController.swift */; };
		65AD17421D7EB126008AEE3C /* DetailCell.swift in Sources */ = {isa = PBXBuildFile; fileRef = 65AD17411D7EB126008AEE3C /* DetailCell.swift */; };
		65AD17441D7EC89A008AEE3C /* BaseCell.swift in Sources */ = {isa = PBXBuildFile; fileRef = 65AD17431D7EC89A008AEE3C /* BaseCell.swift */; };
		65B4F2F31D67011A00F8E961 /* BaseController.swift in Sources */ = {isa = PBXBuildFile; fileRef = 65B4F2F21D67011A00F8E961 /* BaseController.swift */; };
		65B775471D3228710040716C /* Assets.xcassets in Resources */ = {isa = PBXBuildFile; fileRef = 65B775461D3228710040716C /* Assets.xcassets */; };
		65B7754A1D3228710040716C /* LaunchScreen.storyboard in Resources */ = {isa = PBXBuildFile; fileRef = 65B775481D3228710040716C /* LaunchScreen.storyboard */; };
		65BD74931D9F8E00000BDA57 /* StateView.swift in Sources */ = {isa = PBXBuildFile; fileRef = 65BD74921D9F8E00000BDA57 /* StateView.swift */; };
		65CBEF6E1D7FEC19008EAC60 /* UIBase.swift in Sources */ = {isa = PBXBuildFile; fileRef = 65CBEF6D1D7FEC19008EAC60 /* UIBase.swift */; };
		65D427F91D5FEB5900994EA8 /* Item.swift in Sources */ = {isa = PBXBuildFile; fileRef = 65D427F81D5FEB5900994EA8 /* Item.swift */; };
		65D427FC1D6073D700994EA8 /* User.swift in Sources */ = {isa = PBXBuildFile; fileRef = 65D427FB1D6073D700994EA8 /* User.swift */; };
		65D427FE1D60748400994EA8 /* BaseData.swift in Sources */ = {isa = PBXBuildFile; fileRef = 65D427FD1D60748400994EA8 /* BaseData.swift */; };
		65D61CFD1DBF70900032C2E7 /* Network.swift in Sources */ = {isa = PBXBuildFile; fileRef = 65D61CFC1DBF70900032C2E7 /* Network.swift */; };
		65D61D101DC0602D0032C2E7 /* ActiveEventsMgr.swift in Sources */ = {isa = PBXBuildFile; fileRef = 65D61D0F1DC0602D0032C2E7 /* ActiveEventsMgr.swift */; };
		65EEB75E1DAE393000BB767D /* DetailTeamCell.swift in Sources */ = {isa = PBXBuildFile; fileRef = 65EEB75D1DAE393000BB767D /* DetailTeamCell.swift */; };
		65EEB7601DAE398D00BB767D /* DetailImageCell.swift in Sources */ = {isa = PBXBuildFile; fileRef = 65EEB75F1DAE398D00BB767D /* DetailImageCell.swift */; };
		65EEB7621DAE3A0500BB767D /* DetailMsgCell.swift in Sources */ = {isa = PBXBuildFile; fileRef = 65EEB7611DAE3A0500BB767D /* DetailMsgCell.swift */; };
		65F14B861D68439D0073D547 /* EventBoard.swift in Sources */ = {isa = PBXBuildFile; fileRef = 65F14B821D68439D0073D547 /* EventBoard.swift */; };
		65F14B871D68439D0073D547 /* InfoHeadView.swift in Sources */ = {isa = PBXBuildFile; fileRef = 65F14B831D68439D0073D547 /* InfoHeadView.swift */; };
		65F14B881D68439D0073D547 /* MyTabBar.swift in Sources */ = {isa = PBXBuildFile; fileRef = 65F14B841D68439D0073D547 /* MyTabBar.swift */; };
		65F14B891D68439D0073D547 /* MyTabBarItem.swift in Sources */ = {isa = PBXBuildFile; fileRef = 65F14B851D68439D0073D547 /* MyTabBarItem.swift */; };
/* End PBXBuildFile section */

/* Begin PBXFileReference section */
		650151A41DB4D6F9009D8ABC /* InputView.swift */ = {isa = PBXFileReference; fileEncoding = 4; lastKnownFileType = sourcecode.swift; name = InputView.swift; path = widget/InputView.swift; sourceTree = "<group>"; };
		6507AC091D55B7C900791FB1 /* ChallengeCell.swift */ = {isa = PBXFileReference; fileEncoding = 4; lastKnownFileType = sourcecode.swift; path = ChallengeCell.swift; sourceTree = "<group>"; };
		6508C24B1DD9C95100E3D7C2 /* CreateController.swift */ = {isa = PBXFileReference; fileEncoding = 4; lastKnownFileType = sourcecode.swift; name = CreateController.swift; path = create/CreateController.swift; sourceTree = "<group>"; };
		6508C28C1DDD98F300E3D7C2 /* CreateStep1Ctrlr.swift */ = {isa = PBXFileReference; fileEncoding = 4; lastKnownFileType = sourcecode.swift; name = CreateStep1Ctrlr.swift; path = create/CreateStep1Ctrlr.swift; sourceTree = "<group>"; };
		6508C28F1DDD992B00E3D7C2 /* CreateStep2Ctrlr.swift */ = {isa = PBXFileReference; fileEncoding = 4; lastKnownFileType = sourcecode.swift; name = CreateStep2Ctrlr.swift; path = create/CreateStep2Ctrlr.swift; sourceTree = "<group>"; };
		6508C2921DDD994500E3D7C2 /* CreateStep3Ctrlr.swift */ = {isa = PBXFileReference; fileEncoding = 4; lastKnownFileType = sourcecode.swift; name = CreateStep3Ctrlr.swift; path = create/CreateStep3Ctrlr.swift; sourceTree = "<group>"; };
		6508C2941DDD99FB00E3D7C2 /* CreatePageBaseCtrlr.swift */ = {isa = PBXFileReference; fileEncoding = 4; lastKnownFileType = sourcecode.swift; name = CreatePageBaseCtrlr.swift; path = create/CreatePageBaseCtrlr.swift; sourceTree = "<group>"; };
		6508C2961DDEB0A400E3D7C2 /* Transitioning.swift */ = {isa = PBXFileReference; fileEncoding = 4; lastKnownFileType = sourcecode.swift; path = Transitioning.swift; sourceTree = "<group>"; };
		6526CBA01DF56FE700DB9015 /* CreateStep4Ctrlr.swift */ = {isa = PBXFileReference; fileEncoding = 4; lastKnownFileType = sourcecode.swift; name = CreateStep4Ctrlr.swift; path = create/CreateStep4Ctrlr.swift; sourceTree = "<group>"; };
		654EE8BF1DAC8B6C00F99F21 /* Avatar.swift */ = {isa = PBXFileReference; fileEncoding = 4; lastKnownFileType = sourcecode.swift; name = Avatar.swift; path = widget/Avatar.swift; sourceTree = "<group>"; };
		6554A3C21D6FE956001AB4D6 /* ScanViewController.swift */ = {isa = PBXFileReference; fileEncoding = 4; lastKnownFileType = sourcecode.swift; name = ScanViewController.swift; path = qrcode/ScanViewController.swift; sourceTree = "<group>"; };
		6554A3C41D6FE97B001AB4D6 /* QRCodeTools.swift */ = {isa = PBXFileReference; fileEncoding = 4; lastKnownFileType = sourcecode.swift; name = QRCodeTools.swift; path = qrcode/QRCodeTools.swift; sourceTree = "<group>"; };
		657219201D5EFA2A007DCE6A /* DetailViewController.swift */ = {isa = PBXFileReference; fileEncoding = 4; lastKnownFileType = sourcecode.swift; name = DetailViewController.swift; path = detail/DetailViewController.swift; sourceTree = "<group>"; };
		658CC7661DD0C8940085DCFD /* DataMgr.swift */ = {isa = PBXFileReference; fileEncoding = 4; lastKnownFileType = sourcecode.swift; path = DataMgr.swift; sourceTree = "<group>"; };
		658E06731D56C7C8008D94FC /* Event.swift */ = {isa = PBXFileReference; fileEncoding = 4; lastKnownFileType = sourcecode.swift; name = Event.swift; path = model/Event.swift; sourceTree = "<group>"; };
		6593C0BC1DCDD65D00589943 /* UserMgr.swift */ = {isa = PBXFileReference; fileEncoding = 4; lastKnownFileType = sourcecode.swift; name = UserMgr.swift; path = functions/UserMgr.swift; sourceTree = "<group>"; };
		65A5DBF91DBC6ACD001F5A05 /* DetailToolbar.swift */ = {isa = PBXFileReference; fileEncoding = 4; lastKnownFileType = sourcecode.swift; name = DetailToolbar.swift; path = detail/DetailToolbar.swift; sourceTree = "<group>"; };
		65AA3A6C1DFD714D0021406E /* CreateStep3Cell.swift */ = {isa = PBXFileReference; fileEncoding = 4; lastKnownFileType = sourcecode.swift; name = CreateStep3Cell.swift; path = create/CreateStep3Cell.swift; sourceTree = "<group>"; };
		65AB52371D3291E6005E7D4C /* AppDelegate.swift */ = {isa = PBXFileReference; fileEncoding = 4; lastKnownFileType = sourcecode.swift; path = AppDelegate.swift; sourceTree = "<group>"; };
		65AB52381D3291E6005E7D4C /* Bridging.h */ = {isa = PBXFileReference; fileEncoding = 4; lastKnownFileType = sourcecode.c.h; path = Bridging.h; sourceTree = "<group>"; };
		65AB52391D3291E6005E7D4C /* AppManager.swift */ = {isa = PBXFileReference; fileEncoding = 4; lastKnownFileType = sourcecode.swift; path = AppManager.swift; sourceTree = "<group>"; };
		65AB523C1D3291E6005E7D4C /* BaseTabController.swift */ = {isa = PBXFileReference; fileEncoding = 4; lastKnownFileType = sourcecode.swift; path = BaseTabController.swift; sourceTree = "<group>"; };
		65AB52401D3291E6005E7D4C /* ChallengeController.swift */ = {isa = PBXFileReference; fileEncoding = 4; lastKnownFileType = sourcecode.swift; path = ChallengeController.swift; sourceTree = "<group>"; };
		65AB52421D3291E6005E7D4C /* OwnCells.swift */ = {isa = PBXFileReference; fileEncoding = 4; lastKnownFileType = sourcecode.swift; path = OwnCells.swift; sourceTree = "<group>"; };
		65AB52431D3291E6005E7D4C /* OwnController.swift */ = {isa = PBXFileReference; fileEncoding = 4; lastKnownFileType = sourcecode.swift; path = OwnController.swift; sourceTree = "<group>"; };
		65AB52441D3291E6005E7D4C /* RootViewController.swift */ = {isa = PBXFileReference; fileEncoding = 4; lastKnownFileType = sourcecode.swift; path = RootViewController.swift; sourceTree = "<group>"; };
		65AD17411D7EB126008AEE3C /* DetailCell.swift */ = {isa = PBXFileReference; fileEncoding = 4; lastKnownFileType = sourcecode.swift; name = DetailCell.swift; path = detail/DetailCell.swift; sourceTree = "<group>"; };
		65AD17431D7EC89A008AEE3C /* BaseCell.swift */ = {isa = PBXFileReference; fileEncoding = 4; lastKnownFileType = sourcecode.swift; path = BaseCell.swift; sourceTree = "<group>"; };
		65B4F2F21D67011A00F8E961 /* BaseController.swift */ = {isa = PBXFileReference; fileEncoding = 4; lastKnownFileType = sourcecode.swift; path = BaseController.swift; sourceTree = "<group>"; };
		65B7753A1D3228710040716C /* Foosball.app */ = {isa = PBXFileReference; explicitFileType = wrapper.application; includeInIndex = 0; path = Foosball.app; sourceTree = BUILT_PRODUCTS_DIR; };
		65B775461D3228710040716C /* Assets.xcassets */ = {isa = PBXFileReference; lastKnownFileType = folder.assetcatalog; path = Assets.xcassets; sourceTree = "<group>"; };
		65B775491D3228710040716C /* Base */ = {isa = PBXFileReference; lastKnownFileType = file.storyboard; name = Base; path = Base.lproj/LaunchScreen.storyboard; sourceTree = "<group>"; };
		65B7754B1D3228710040716C /* Info.plist */ = {isa = PBXFileReference; lastKnownFileType = text.plist.xml; path = Info.plist; sourceTree = "<group>"; };
		65BD74921D9F8E00000BDA57 /* StateView.swift */ = {isa = PBXFileReference; fileEncoding = 4; lastKnownFileType = sourcecode.swift; name = StateView.swift; path = widget/StateView.swift; sourceTree = "<group>"; };
		65CBEF6D1D7FEC19008EAC60 /* UIBase.swift */ = {isa = PBXFileReference; fileEncoding = 4; lastKnownFileType = sourcecode.swift; path = UIBase.swift; sourceTree = "<group>"; };
		65D427F81D5FEB5900994EA8 /* Item.swift */ = {isa = PBXFileReference; fileEncoding = 4; lastKnownFileType = sourcecode.swift; name = Item.swift; path = model/Item.swift; sourceTree = "<group>"; };
		65D427FB1D6073D700994EA8 /* User.swift */ = {isa = PBXFileReference; fileEncoding = 4; lastKnownFileType = sourcecode.swift; name = User.swift; path = model/User.swift; sourceTree = "<group>"; };
		65D427FD1D60748400994EA8 /* BaseData.swift */ = {isa = PBXFileReference; fileEncoding = 4; lastKnownFileType = sourcecode.swift; name = BaseData.swift; path = model/BaseData.swift; sourceTree = "<group>"; };
		65D61CFC1DBF70900032C2E7 /* Network.swift */ = {isa = PBXFileReference; fileEncoding = 4; lastKnownFileType = sourcecode.swift; name = Network.swift; path = functions/Network.swift; sourceTree = "<group>"; };
		65D61D0F1DC0602D0032C2E7 /* ActiveEventsMgr.swift */ = {isa = PBXFileReference; fileEncoding = 4; lastKnownFileType = sourcecode.swift; name = ActiveEventsMgr.swift; path = functions/ActiveEventsMgr.swift; sourceTree = "<group>"; };
		65EEB75D1DAE393000BB767D /* DetailTeamCell.swift */ = {isa = PBXFileReference; fileEncoding = 4; lastKnownFileType = sourcecode.swift; name = DetailTeamCell.swift; path = detail/DetailTeamCell.swift; sourceTree = "<group>"; };
		65EEB75F1DAE398D00BB767D /* DetailImageCell.swift */ = {isa = PBXFileReference; fileEncoding = 4; lastKnownFileType = sourcecode.swift; name = DetailImageCell.swift; path = detail/DetailImageCell.swift; sourceTree = "<group>"; };
		65EEB7611DAE3A0500BB767D /* DetailMsgCell.swift */ = {isa = PBXFileReference; fileEncoding = 4; lastKnownFileType = sourcecode.swift; name = DetailMsgCell.swift; path = detail/DetailMsgCell.swift; sourceTree = "<group>"; };
		65F14B821D68439D0073D547 /* EventBoard.swift */ = {isa = PBXFileReference; fileEncoding = 4; lastKnownFileType = sourcecode.swift; name = EventBoard.swift; path = widget/EventBoard.swift; sourceTree = "<group>"; };
		65F14B831D68439D0073D547 /* InfoHeadView.swift */ = {isa = PBXFileReference; fileEncoding = 4; lastKnownFileType = sourcecode.swift; name = InfoHeadView.swift; path = widget/InfoHeadView.swift; sourceTree = "<group>"; };
		65F14B841D68439D0073D547 /* MyTabBar.swift */ = {isa = PBXFileReference; fileEncoding = 4; lastKnownFileType = sourcecode.swift; name = MyTabBar.swift; path = widget/MyTabBar.swift; sourceTree = "<group>"; };
		65F14B851D68439D0073D547 /* MyTabBarItem.swift */ = {isa = PBXFileReference; fileEncoding = 4; lastKnownFileType = sourcecode.swift; name = MyTabBarItem.swift; path = widget/MyTabBarItem.swift; sourceTree = "<group>"; };
		CB81153F97C8259E0408EA86 /* Pods-Foosball.debug.xcconfig */ = {isa = PBXFileReference; includeInIndex = 1; lastKnownFileType = text.xcconfig; name = "Pods-Foosball.debug.xcconfig"; path = "Pods/Target Support Files/Pods-Foosball/Pods-Foosball.debug.xcconfig"; sourceTree = "<group>"; };
		D81C567789B96B0906D4D436 /* Pods_Foosball.framework */ = {isa = PBXFileReference; explicitFileType = wrapper.framework; includeInIndex = 0; path = Pods_Foosball.framework; sourceTree = BUILT_PRODUCTS_DIR; };
		E78D8581CCBC44E615441E59 /* Pods-Foosball.release.xcconfig */ = {isa = PBXFileReference; includeInIndex = 1; lastKnownFileType = text.xcconfig; name = "Pods-Foosball.release.xcconfig"; path = "Pods/Target Support Files/Pods-Foosball/Pods-Foosball.release.xcconfig"; sourceTree = "<group>"; };
/* End PBXFileReference section */

/* Begin PBXFrameworksBuildPhase section */
		65B775371D3228710040716C /* Frameworks */ = {
			isa = PBXFrameworksBuildPhase;
			buildActionMask = 2147483647;
			files = (
				3250913C82FFF635417020BD /* Pods_Foosball.framework in Frameworks */,
			);
			runOnlyForDeploymentPostprocessing = 0;
		};
/* End PBXFrameworksBuildPhase section */

/* Begin PBXGroup section */
		30DAFA20F6AE9E51BCC9D41F /* Pods */ = {
			isa = PBXGroup;
			children = (
				CB81153F97C8259E0408EA86 /* Pods-Foosball.debug.xcconfig */,
				E78D8581CCBC44E615441E59 /* Pods-Foosball.release.xcconfig */,
			);
			name = Pods;
			sourceTree = "<group>";
		};
		54596B5E9AF2604AE4EFA442 /* Frameworks */ = {
			isa = PBXGroup;
			children = (
				D81C567789B96B0906D4D436 /* Pods_Foosball.framework */,
			);
			name = Frameworks;
			sourceTree = "<group>";
		};
		6507AC0B1D5632B100791FB1 /* model */ = {
			isa = PBXGroup;
			children = (
				65D427FD1D60748400994EA8 /* BaseData.swift */,
				65D427FB1D6073D700994EA8 /* User.swift */,
				65D427F81D5FEB5900994EA8 /* Item.swift */,
				658E06731D56C7C8008D94FC /* Event.swift */,
			);
			name = model;
			sourceTree = "<group>";
		};
		6508C2491DD9C8C700E3D7C2 /* create */ = {
			isa = PBXGroup;
			children = (
				6508C24B1DD9C95100E3D7C2 /* CreateController.swift */,
				6508C2941DDD99FB00E3D7C2 /* CreatePageBaseCtrlr.swift */,
				6508C28C1DDD98F300E3D7C2 /* CreateStep1Ctrlr.swift */,
				6508C28F1DDD992B00E3D7C2 /* CreateStep2Ctrlr.swift */,
				6508C2921DDD994500E3D7C2 /* CreateStep3Ctrlr.swift */,
				65AA3A6C1DFD714D0021406E /* CreateStep3Cell.swift */,
				6526CBA01DF56FE700DB9015 /* CreateStep4Ctrlr.swift */,
			);
			name = create;
			sourceTree = "<group>";
		};
		6554A3C11D6FE90E001AB4D6 /* qrcode */ = {
			isa = PBXGroup;
			children = (
				6554A3C21D6FE956001AB4D6 /* ScanViewController.swift */,
				6554A3C41D6FE97B001AB4D6 /* QRCodeTools.swift */,
			);
			name = qrcode;
			sourceTree = "<group>";
		};
		6572191F1D5EF9BC007DCE6A /* detail */ = {
			isa = PBXGroup;
			children = (
				657219201D5EFA2A007DCE6A /* DetailViewController.swift */,
				65AD17411D7EB126008AEE3C /* DetailCell.swift */,
				65EEB75D1DAE393000BB767D /* DetailTeamCell.swift */,
				65EEB75F1DAE398D00BB767D /* DetailImageCell.swift */,
				65EEB7611DAE3A0500BB767D /* DetailMsgCell.swift */,
				65A5DBF91DBC6ACD001F5A05 /* DetailToolbar.swift */,
				650151A41DB4D6F9009D8ABC /* InputView.swift */,
			);
			name = detail;
			sourceTree = "<group>";
		};
		65AB52351D3291E6005E7D4C /* res */ = {
			isa = PBXGroup;
			children = (
			);
			path = res;
			sourceTree = "<group>";
		};
		65AB52361D3291E6005E7D4C /* src */ = {
			isa = PBXGroup;
			children = (
				65AB52371D3291E6005E7D4C /* AppDelegate.swift */,
				65AB52391D3291E6005E7D4C /* AppManager.swift */,
				65AB52381D3291E6005E7D4C /* Bridging.h */,
				6507AC0B1D5632B100791FB1 /* model */,
				65D61CF11DBF360A0032C2E7 /* functions */,
				65AB523A1D3291E6005E7D4C /* ui */,
			);
			path = src;
			sourceTree = "<group>";
		};
		65AB523A1D3291E6005E7D4C /* ui */ = {
			isa = PBXGroup;
			children = (
				65AB52441D3291E6005E7D4C /* RootViewController.swift */,
				65AB523B1D3291E6005E7D4C /* base */,
				65AB523F1D3291E6005E7D4C /* challenge */,
				65AB52411D3291E6005E7D4C /* own */,
				6572191F1D5EF9BC007DCE6A /* detail */,
				6554A3C11D6FE90E001AB4D6 /* qrcode */,
				6508C2491DD9C8C700E3D7C2 /* create */,
				65F14B811D68435D0073D547 /* widget */,
			);
			path = ui;
			sourceTree = "<group>";
		};
		65AB523B1D3291E6005E7D4C /* base */ = {
			isa = PBXGroup;
			children = (
				65CBEF6D1D7FEC19008EAC60 /* UIBase.swift */,
				65B4F2F21D67011A00F8E961 /* BaseController.swift */,
				65AB523C1D3291E6005E7D4C /* BaseTabController.swift */,
				65AD17431D7EC89A008AEE3C /* BaseCell.swift */,
				6508C2961DDEB0A400E3D7C2 /* Transitioning.swift */,
			);
			path = base;
			sourceTree = "<group>";
		};
		65AB523F1D3291E6005E7D4C /* challenge */ = {
			isa = PBXGroup;
			children = (
				65AB52401D3291E6005E7D4C /* ChallengeController.swift */,
				6507AC091D55B7C900791FB1 /* ChallengeCell.swift */,
			);
			path = challenge;
			sourceTree = "<group>";
		};
		65AB52411D3291E6005E7D4C /* own */ = {
			isa = PBXGroup;
			children = (
				65AB52431D3291E6005E7D4C /* OwnController.swift */,
				65AB52421D3291E6005E7D4C /* OwnCells.swift */,
			);
			path = own;
			sourceTree = "<group>";
		};
		65B775311D3228710040716C = {
			isa = PBXGroup;
			children = (
				65B7753C1D3228710040716C /* Foosball */,
				65B7753B1D3228710040716C /* Products */,
				30DAFA20F6AE9E51BCC9D41F /* Pods */,
				54596B5E9AF2604AE4EFA442 /* Frameworks */,
			);
			sourceTree = "<group>";
		};
		65B7753B1D3228710040716C /* Products */ = {
			isa = PBXGroup;
			children = (
				65B7753A1D3228710040716C /* Foosball.app */,
			);
			name = Products;
			sourceTree = "<group>";
		};
		65B7753C1D3228710040716C /* Foosball */ = {
			isa = PBXGroup;
			children = (
				65B775461D3228710040716C /* Assets.xcassets */,
				65B775481D3228710040716C /* LaunchScreen.storyboard */,
				65B7754B1D3228710040716C /* Info.plist */,
				65AB52351D3291E6005E7D4C /* res */,
				65AB52361D3291E6005E7D4C /* src */,
			);
			path = Foosball;
			sourceTree = "<group>";
		};
		65D61CF11DBF360A0032C2E7 /* functions */ = {
			isa = PBXGroup;
			children = (
				658CC7661DD0C8940085DCFD /* DataMgr.swift */,
				6593C0BC1DCDD65D00589943 /* UserMgr.swift */,
				65D61D0F1DC0602D0032C2E7 /* ActiveEventsMgr.swift */,
				65D61CFC1DBF70900032C2E7 /* Network.swift */,
			);
			name = functions;
			sourceTree = "<group>";
		};
		65F14B811D68435D0073D547 /* widget */ = {
			isa = PBXGroup;
			children = (
				654EE8BF1DAC8B6C00F99F21 /* Avatar.swift */,
				65F14B821D68439D0073D547 /* EventBoard.swift */,
				65F14B831D68439D0073D547 /* InfoHeadView.swift */,
				65BD74921D9F8E00000BDA57 /* StateView.swift */,
				65F14B841D68439D0073D547 /* MyTabBar.swift */,
				65F14B851D68439D0073D547 /* MyTabBarItem.swift */,
			);
			name = widget;
			sourceTree = "<group>";
		};
/* End PBXGroup section */

/* Begin PBXNativeTarget section */
		65B775391D3228710040716C /* Foosball */ = {
			isa = PBXNativeTarget;
			buildConfigurationList = 65B7754E1D3228710040716C /* Build configuration list for PBXNativeTarget "Foosball" */;
			buildPhases = (
				57B93CE19FCE7E5F50F17FFF /* [CP] Check Pods Manifest.lock */,
				65B775361D3228710040716C /* Sources */,
				65B775371D3228710040716C /* Frameworks */,
				65B775381D3228710040716C /* Resources */,
				0DB6E0C7A030AEC8FD3B0721 /* [CP] Embed Pods Frameworks */,
				3ED303F9DC464433BA14B383 /* [CP] Copy Pods Resources */,
			);
			buildRules = (
			);
			dependencies = (
			);
			name = Foosball;
			productName = Foosball;
			productReference = 65B7753A1D3228710040716C /* Foosball.app */;
			productType = "com.apple.product-type.application";
		};
/* End PBXNativeTarget section */

/* Begin PBXProject section */
		65B775321D3228710040716C /* Project object */ = {
			isa = PBXProject;
			attributes = {
				LastSwiftUpdateCheck = 0730;
				LastUpgradeCheck = 0810;
				ORGANIZATIONNAME = "卢乐颜";
				TargetAttributes = {
					65B775391D3228710040716C = {
						CreatedOnToolsVersion = 7.3.1;
						DevelopmentTeam = 59J6745268;
						LastSwiftMigration = 0800;
						SystemCapabilities = {
							com.apple.Push = {
								enabled = 0;
							};
						};
					};
				};
			};
			buildConfigurationList = 65B775351D3228710040716C /* Build configuration list for PBXProject "Foosball" */;
			compatibilityVersion = "Xcode 3.2";
			developmentRegion = English;
			hasScannedForEncodings = 0;
			knownRegions = (
				en,
				Base,
			);
			mainGroup = 65B775311D3228710040716C;
			productRefGroup = 65B7753B1D3228710040716C /* Products */;
			projectDirPath = "";
			projectRoot = "";
			targets = (
				65B775391D3228710040716C /* Foosball */,
			);
		};
/* End PBXProject section */

/* Begin PBXResourcesBuildPhase section */
		65B775381D3228710040716C /* Resources */ = {
			isa = PBXResourcesBuildPhase;
			buildActionMask = 2147483647;
			files = (
				65B7754A1D3228710040716C /* LaunchScreen.storyboard in Resources */,
				65B775471D3228710040716C /* Assets.xcassets in Resources */,
			);
			runOnlyForDeploymentPostprocessing = 0;
		};
/* End PBXResourcesBuildPhase section */

/* Begin PBXShellScriptBuildPhase section */
		0DB6E0C7A030AEC8FD3B0721 /* [CP] Embed Pods Frameworks */ = {
			isa = PBXShellScriptBuildPhase;
			buildActionMask = 2147483647;
			files = (
			);
			inputPaths = (
			);
			name = "[CP] Embed Pods Frameworks";
			outputPaths = (
			);
			runOnlyForDeploymentPostprocessing = 0;
			shellPath = /bin/sh;
			shellScript = "\"${SRCROOT}/Pods/Target Support Files/Pods-Foosball/Pods-Foosball-frameworks.sh\"\n";
			showEnvVarsInLog = 0;
		};
		3ED303F9DC464433BA14B383 /* [CP] Copy Pods Resources */ = {
			isa = PBXShellScriptBuildPhase;
			buildActionMask = 2147483647;
			files = (
			);
			inputPaths = (
			);
			name = "[CP] Copy Pods Resources";
			outputPaths = (
			);
			runOnlyForDeploymentPostprocessing = 0;
			shellPath = /bin/sh;
			shellScript = "\"${SRCROOT}/Pods/Target Support Files/Pods-Foosball/Pods-Foosball-resources.sh\"\n";
			showEnvVarsInLog = 0;
		};
		57B93CE19FCE7E5F50F17FFF /* [CP] Check Pods Manifest.lock */ = {
			isa = PBXShellScriptBuildPhase;
			buildActionMask = 2147483647;
			files = (
			);
			inputPaths = (
			);
			name = "[CP] Check Pods Manifest.lock";
			outputPaths = (
			);
			runOnlyForDeploymentPostprocessing = 0;
			shellPath = /bin/sh;
			shellScript = "diff \"${PODS_ROOT}/../Podfile.lock\" \"${PODS_ROOT}/Manifest.lock\" > /dev/null\nif [ $? != 0 ] ; then\n    # print error to STDERR\n    echo \"error: The sandbox is not in sync with the Podfile.lock. Run 'pod install' or update your CocoaPods installation.\" >&2\n    exit 1\nfi\n";
			showEnvVarsInLog = 0;
		};
/* End PBXShellScriptBuildPhase section */

/* Begin PBXSourcesBuildPhase section */
		65B775361D3228710040716C /* Sources */ = {
			isa = PBXSourcesBuildPhase;
			buildActionMask = 2147483647;
			files = (
				6508C2901DDD992B00E3D7C2 /* CreateStep2Ctrlr.swift in Sources */,
				6508C2931DDD994500E3D7C2 /* CreateStep3Ctrlr.swift in Sources */,
				65EEB7621DAE3A0500BB767D /* DetailMsgCell.swift in Sources */,
				6554A3C31D6FE956001AB4D6 /* ScanViewController.swift in Sources */,
				65AB52451D3291E6005E7D4C /* AppDelegate.swift in Sources */,
				65B4F2F31D67011A00F8E961 /* BaseController.swift in Sources */,
				65AB524A1D3291E6005E7D4C /* ChallengeController.swift in Sources */,
				6508C24C1DD9C95100E3D7C2 /* CreateController.swift in Sources */,
				65D427FE1D60748400994EA8 /* BaseData.swift in Sources */,
				65AD17421D7EB126008AEE3C /* DetailCell.swift in Sources */,
				65BD74931D9F8E00000BDA57 /* StateView.swift in Sources */,
				65D61CFD1DBF70900032C2E7 /* Network.swift in Sources */,
				65A5DBFA1DBC6ACD001F5A05 /* DetailToolbar.swift in Sources */,
				65D427FC1D6073D700994EA8 /* User.swift in Sources */,
				65F14B881D68439D0073D547 /* MyTabBar.swift in Sources */,
				6508C2971DDEB0A400E3D7C2 /* Transitioning.swift in Sources */,
				6554A3C51D6FE97B001AB4D6 /* QRCodeTools.swift in Sources */,
				65F14B891D68439D0073D547 /* MyTabBarItem.swift in Sources */,
				65F14B871D68439D0073D547 /* InfoHeadView.swift in Sources */,
				65F14B861D68439D0073D547 /* EventBoard.swift in Sources */,
				658CC7671DD0C8940085DCFD /* DataMgr.swift in Sources */,
				654EE8C01DAC8B6C00F99F21 /* Avatar.swift in Sources */,
				65EEB7601DAE398D00BB767D /* DetailImageCell.swift in Sources */,
				6508C2951DDD99FB00E3D7C2 /* CreatePageBaseCtrlr.swift in Sources */,
				65AB524D1D3291E6005E7D4C /* RootViewController.swift in Sources */,
				6526CBA11DF56FE700DB9015 /* CreateStep4Ctrlr.swift in Sources */,
				65D61D101DC0602D0032C2E7 /* ActiveEventsMgr.swift in Sources */,
				658E06741D56C7C8008D94FC /* Event.swift in Sources */,
				65AB524B1D3291E6005E7D4C /* OwnCells.swift in Sources */,
				65EEB75E1DAE393000BB767D /* DetailTeamCell.swift in Sources */,
				65AB52471D3291E6005E7D4C /* BaseTabController.swift in Sources */,
				65AA3A6D1DFD714D0021406E /* CreateStep3Cell.swift in Sources */,
				65AB52461D3291E6005E7D4C /* AppManager.swift in Sources */,
				65D427F91D5FEB5900994EA8 /* Item.swift in Sources */,
				65AD17441D7EC89A008AEE3C /* BaseCell.swift in Sources */,
				65CBEF6E1D7FEC19008EAC60 /* UIBase.swift in Sources */,
				6507AC0A1D55B7C900791FB1 /* ChallengeCell.swift in Sources */,
				6593C0BD1DCDD65D00589943 /* UserMgr.swift in Sources */,
				65AB524C1D3291E6005E7D4C /* OwnController.swift in Sources */,
				6508C28D1DDD98F300E3D7C2 /* CreateStep1Ctrlr.swift in Sources */,
				650151A51DB4D6F9009D8ABC /* InputView.swift in Sources */,
				657219211D5EFA2A007DCE6A /* DetailViewController.swift in Sources */,
			);
			runOnlyForDeploymentPostprocessing = 0;
		};
/* End PBXSourcesBuildPhase section */

/* Begin PBXVariantGroup section */
		65B775481D3228710040716C /* LaunchScreen.storyboard */ = {
			isa = PBXVariantGroup;
			children = (
				65B775491D3228710040716C /* Base */,
			);
			name = LaunchScreen.storyboard;
			sourceTree = "<group>";
		};
/* End PBXVariantGroup section */

/* Begin XCBuildConfiguration section */
		65B7754C1D3228710040716C /* Debug */ = {
			isa = XCBuildConfiguration;
			buildSettings = {
				ALWAYS_SEARCH_USER_PATHS = NO;
				CLANG_ANALYZER_NONNULL = YES;
				CLANG_CXX_LANGUAGE_STANDARD = "gnu++0x";
				CLANG_CXX_LIBRARY = "libc++";
				CLANG_ENABLE_MODULES = YES;
				CLANG_ENABLE_OBJC_ARC = YES;
				CLANG_WARN_BOOL_CONVERSION = YES;
				CLANG_WARN_CONSTANT_CONVERSION = YES;
				CLANG_WARN_DIRECT_OBJC_ISA_USAGE = YES_ERROR;
				CLANG_WARN_EMPTY_BODY = YES;
				CLANG_WARN_ENUM_CONVERSION = YES;
				CLANG_WARN_INFINITE_RECURSION = YES;
				CLANG_WARN_INT_CONVERSION = YES;
				CLANG_WARN_OBJC_ROOT_CLASS = YES_ERROR;
				CLANG_WARN_SUSPICIOUS_MOVE = YES;
				CLANG_WARN_UNREACHABLE_CODE = YES;
				CLANG_WARN__DUPLICATE_METHOD_MATCH = YES;
				"CODE_SIGN_IDENTITY[sdk=iphoneos*]" = "iPhone Developer";
				COPY_PHASE_STRIP = NO;
				DEBUG_INFORMATION_FORMAT = dwarf;
				ENABLE_STRICT_OBJC_MSGSEND = YES;
				ENABLE_TESTABILITY = YES;
				GCC_C_LANGUAGE_STANDARD = gnu99;
				GCC_DYNAMIC_NO_PIC = NO;
				GCC_NO_COMMON_BLOCKS = YES;
				GCC_OPTIMIZATION_LEVEL = 0;
				GCC_PREPROCESSOR_DEFINITIONS = (
					"DEBUG=1",
					"$(inherited)",
				);
				GCC_WARN_64_TO_32_BIT_CONVERSION = YES;
				GCC_WARN_ABOUT_RETURN_TYPE = YES_ERROR;
				GCC_WARN_UNDECLARED_SELECTOR = YES;
				GCC_WARN_UNINITIALIZED_AUTOS = YES_AGGRESSIVE;
				GCC_WARN_UNUSED_FUNCTION = YES;
				GCC_WARN_UNUSED_VARIABLE = YES;
				IPHONEOS_DEPLOYMENT_TARGET = 9.3;
				MTL_ENABLE_DEBUG_INFO = YES;
				ONLY_ACTIVE_ARCH = YES;
				SDKROOT = iphoneos;
				SWIFT_OPTIMIZATION_LEVEL = "-Onone";
			};
			name = Debug;
		};
		65B7754D1D3228710040716C /* Release */ = {
			isa = XCBuildConfiguration;
			buildSettings = {
				ALWAYS_SEARCH_USER_PATHS = NO;
				CLANG_ANALYZER_NONNULL = YES;
				CLANG_CXX_LANGUAGE_STANDARD = "gnu++0x";
				CLANG_CXX_LIBRARY = "libc++";
				CLANG_ENABLE_MODULES = YES;
				CLANG_ENABLE_OBJC_ARC = YES;
				CLANG_WARN_BOOL_CONVERSION = YES;
				CLANG_WARN_CONSTANT_CONVERSION = YES;
				CLANG_WARN_DIRECT_OBJC_ISA_USAGE = YES_ERROR;
				CLANG_WARN_EMPTY_BODY = YES;
				CLANG_WARN_ENUM_CONVERSION = YES;
				CLANG_WARN_INFINITE_RECURSION = YES;
				CLANG_WARN_INT_CONVERSION = YES;
				CLANG_WARN_OBJC_ROOT_CLASS = YES_ERROR;
				CLANG_WARN_SUSPICIOUS_MOVE = YES;
				CLANG_WARN_UNREACHABLE_CODE = YES;
				CLANG_WARN__DUPLICATE_METHOD_MATCH = YES;
				"CODE_SIGN_IDENTITY[sdk=iphoneos*]" = "iPhone Developer";
				COPY_PHASE_STRIP = NO;
				DEBUG_INFORMATION_FORMAT = "dwarf-with-dsym";
				ENABLE_NS_ASSERTIONS = NO;
				ENABLE_STRICT_OBJC_MSGSEND = YES;
				GCC_C_LANGUAGE_STANDARD = gnu99;
				GCC_NO_COMMON_BLOCKS = YES;
				GCC_WARN_64_TO_32_BIT_CONVERSION = YES;
				GCC_WARN_ABOUT_RETURN_TYPE = YES_ERROR;
				GCC_WARN_UNDECLARED_SELECTOR = YES;
				GCC_WARN_UNINITIALIZED_AUTOS = YES_AGGRESSIVE;
				GCC_WARN_UNUSED_FUNCTION = YES;
				GCC_WARN_UNUSED_VARIABLE = YES;
				IPHONEOS_DEPLOYMENT_TARGET = 9.3;
				MTL_ENABLE_DEBUG_INFO = NO;
				SDKROOT = iphoneos;
				SWIFT_OPTIMIZATION_LEVEL = "-Owholemodule";
				VALIDATE_PRODUCT = YES;
			};
			name = Release;
		};
		65B7754F1D3228710040716C /* Debug */ = {
			isa = XCBuildConfiguration;
			baseConfigurationReference = CB81153F97C8259E0408EA86 /* Pods-Foosball.debug.xcconfig */;
			buildSettings = {
				ALWAYS_EMBED_SWIFT_STANDARD_LIBRARIES = YES;
				ASSETCATALOG_COMPILER_APPICON_NAME = AppIcon;
				CODE_SIGN_IDENTITY = "iPhone Developer";
				INFOPLIST_FILE = Foosball/Info.plist;
				IPHONEOS_DEPLOYMENT_TARGET = 8.0;
				LD_RUNPATH_SEARCH_PATHS = "$(inherited) @executable_path/Frameworks";
				PRODUCT_BUNDLE_IDENTIFIER = com.lly.Foosball;
				PRODUCT_NAME = "$(TARGET_NAME)";
				SWIFT_OBJC_BRIDGING_HEADER = Foosball/src/Bridging.h;
				SWIFT_VERSION = 3.0;
			};
			name = Debug;
		};
		65B775501D3228710040716C /* Release */ = {
			isa = XCBuildConfiguration;
			baseConfigurationReference = E78D8581CCBC44E615441E59 /* Pods-Foosball.release.xcconfig */;
			buildSettings = {
				ALWAYS_EMBED_SWIFT_STANDARD_LIBRARIES = YES;
				ASSETCATALOG_COMPILER_APPICON_NAME = AppIcon;
				CODE_SIGN_IDENTITY = "iPhone Developer";
				INFOPLIST_FILE = Foosball/Info.plist;
				IPHONEOS_DEPLOYMENT_TARGET = 8.0;
				LD_RUNPATH_SEARCH_PATHS = "$(inherited) @executable_path/Frameworks";
				PRODUCT_BUNDLE_IDENTIFIER = com.lly.Foosball;
				PRODUCT_NAME = "$(TARGET_NAME)";
				SWIFT_OBJC_BRIDGING_HEADER = Foosball/src/Bridging.h;
				SWIFT_VERSION = 3.0;
			};
			name = Release;
		};
/* End XCBuildConfiguration section */

/* Begin XCConfigurationList section */
		65B775351D3228710040716C /* Build configuration list for PBXProject "Foosball" */ = {
			isa = XCConfigurationList;
			buildConfigurations = (
				65B7754C1D3228710040716C /* Debug */,
				65B7754D1D3228710040716C /* Release */,
			);
			defaultConfigurationIsVisible = 0;
			defaultConfigurationName = Release;
		};
		65B7754E1D3228710040716C /* Build configuration list for PBXNativeTarget "Foosball" */ = {
			isa = XCConfigurationList;
			buildConfigurations = (
				65B7754F1D3228710040716C /* Debug */,
				65B775501D3228710040716C /* Release */,
			);
			defaultConfigurationIsVisible = 0;
			defaultConfigurationName = Release;
		};
/* End XCConfigurationList section */
	};
	rootObject = 65B775321D3228710040716C /* Project object */;
}
